{
    "_readme": [
        "This file locks the dependencies of your project to a known state",
        "Read more about it at https://getcomposer.org/doc/01-basic-usage.md#composer-lock-the-lock-file",
        "This file is @generated automatically"
    ],
    "content-hash": "fb84d2b50de04f3eb856bb4a12dbc4af",
    "packages": [
        {
            "name": "hametuha/pattern",
            "version": "v0.8.2",
            "source": {
                "type": "git",
                "url": "https://github.com/hametuha/pattern.git",
                "reference": "6d4768a1aa3bc36da546ae569a0c5a0f3763777b"
            },
            "dist": {
                "type": "zip",
                "url": "https://api.github.com/repos/hametuha/pattern/zipball/6d4768a1aa3bc36da546ae569a0c5a0f3763777b",
                "reference": "6d4768a1aa3bc36da546ae569a0c5a0f3763777b",
                "shasum": ""
            },
            "require-dev": {
                "phpunit/phpunit": "~4.8",
                "squizlabs/php_codesniffer": "~2.8",
                "wp-coding-standards/wpcs": "~0.11"
            },
            "type": "library",
            "autoload": {
                "psr-0": {
                    "Hametuha\\Pattern": "app/"
                }
            },
            "notification-url": "https://packagist.org/downloads/",
            "license": [
                "GPL-3.0"
            ],
            "authors": [
                {
                    "name": "Hametuha INC.",
                    "email": "info@hametuha.co.jp"
                }
            ],
            "description": "WordPress Pattern Library",
            "time": "2018-01-22T11:42:37+00:00"
        },
        {
            "name": "hametuha/wp-enqueue-manager",
            "version": "1.0.2",
            "source": {
                "type": "git",
                "url": "https://github.com/hametuha/wp-enqueue-manager.git",
                "reference": "8f0b14a97e3a38f86ca67e078619a89fc29b885a"
            },
            "dist": {
                "type": "zip",
                "url": "https://api.github.com/repos/hametuha/wp-enqueue-manager/zipball/8f0b14a97e3a38f86ca67e078619a89fc29b885a",
                "reference": "8f0b14a97e3a38f86ca67e078619a89fc29b885a",
                "shasum": ""
            },
            "require": {
                "php": ">=5.6",
                "symfony/finder": "^3.4"
            },
            "require-dev": {
                "phpunit/phpunit": "~4.8",
                "squizlabs/php_codesniffer": "~2.8",
                "wp-coding-standards/wpcs": "~0.11"
            },
            "type": "library",
            "autoload": {
                "psr-0": {
                    "Hametuha\\WpEnqueueManager": "app/"
                }
            },
            "notification-url": "https://packagist.org/downloads/",
            "license": [
                "MIT"
            ],
            "authors": [
                {
                    "name": "fumikito",
                    "email": "guy@hametuha.com"
                }
            ],
            "description": "A WordPress library to bulk register assets.",
            "time": "2018-01-28T17:00:19+00:00"
        },
        {
            "name": "paragonie/random_compat",
            "version": "v2.0.12",
            "source": {
                "type": "git",
                "url": "https://github.com/paragonie/random_compat.git",
                "reference": "258c89a6b97de7dfaf5b8c7607d0478e236b04fb"
            },
            "dist": {
                "type": "zip",
                "url": "https://api.github.com/repos/paragonie/random_compat/zipball/258c89a6b97de7dfaf5b8c7607d0478e236b04fb",
                "reference": "258c89a6b97de7dfaf5b8c7607d0478e236b04fb",
                "shasum": ""
            },
            "require": {
                "php": ">=5.2.0"
            },
            "require-dev": {
                "phpunit/phpunit": "4.*|5.*"
            },
            "suggest": {
                "ext-libsodium": "Provides a modern crypto API that can be used to generate random bytes."
            },
            "type": "library",
            "autoload": {
                "files": [
                    "lib/random.php"
                ]
            },
            "notification-url": "https://packagist.org/downloads/",
            "license": [
                "MIT"
            ],
            "authors": [
                {
                    "name": "Paragon Initiative Enterprises",
                    "email": "security@paragonie.com",
                    "homepage": "https://paragonie.com"
                }
            ],
            "description": "PHP 5.x polyfill for random_bytes() and random_int() from PHP 7",
            "keywords": [
                "csprng",
                "pseudorandom",
                "random"
            ],
            "time": "2018-04-04T21:24:14+00:00"
        },
        {
            "name": "symfony/finder",
            "version": "v3.4.12",
            "source": {
                "type": "git",
                "url": "https://github.com/symfony/finder.git",
                "reference": "3a8c3de91d2b2c68cd2d665cf9d00f7ef9eaa394"
            },
            "dist": {
                "type": "zip",
                "url": "https://api.github.com/repos/symfony/finder/zipball/3a8c3de91d2b2c68cd2d665cf9d00f7ef9eaa394",
                "reference": "3a8c3de91d2b2c68cd2d665cf9d00f7ef9eaa394",
                "shasum": ""
            },
            "require": {
                "php": "^5.5.9|>=7.0.8"
            },
            "type": "library",
            "extra": {
                "branch-alias": {
                    "dev-master": "3.4-dev"
                }
            },
            "autoload": {
                "psr-4": {
                    "Symfony\\Component\\Finder\\": ""
                },
                "exclude-from-classmap": [
                    "/Tests/"
                ]
            },
            "notification-url": "https://packagist.org/downloads/",
            "license": [
                "MIT"
            ],
            "authors": [
                {
                    "name": "Fabien Potencier",
                    "email": "fabien@symfony.com"
                },
                {
                    "name": "Symfony Community",
                    "homepage": "https://symfony.com/contributors"
                }
            ],
            "description": "Symfony Finder Component",
            "homepage": "https://symfony.com",
            "time": "2018-06-19T20:52:10+00:00"
        },
        {
            "name": "tarosky/tscf",
            "version": "1.1.5",
            "source": {
                "type": "git",
                "url": "https://github.com/tarosky/tscf.git",
                "reference": "eb00dc5206e6e56883f592efc66f0c49e2061e8d"
            },
            "dist": {
                "type": "zip",
                "url": "https://api.github.com/repos/tarosky/tscf/zipball/eb00dc5206e6e56883f592efc66f0c49e2061e8d",
                "reference": "eb00dc5206e6e56883f592efc66f0c49e2061e8d",
                "shasum": ""
            },
            "require": {
                "php": ">=5.4"
            },
            "type": "library",
            "autoload": {
                "psr-0": {
                    "Tarosky\\TSCF": "src/"
                }
            },
            "notification-url": "https://packagist.org/downloads/",
            "license": [
                "GPL-3.0-or-later"
            ],
            "authors": [
                {
                    "name": "Takahashi Fumiki",
                    "email": "ftakahashi@tarosky.co.jp"
                }
            ],
            "description": "Tarosky's Custom Field manager.",
            "time": "2018-03-05T07:33:14+00:00"
        }
    ],
    "packages-dev": [],
    "aliases": [],
    "minimum-stability": "stable",
    "stability-flags": [],
    "prefer-stable": false,
    "prefer-lowest": false,
    "platform": [],
    "platform-dev": []
}
