{
    "_readme": [
        "This file locks the dependencies of your project to a known state",
        "Read more about it at https://getcomposer.org/doc/01-basic-usage.md#composer-lock-the-lock-file",
        "This file is @generated automatically"
    ],
    "content-hash": "fde03143e6b6bf9efcb9f2c189b86c5e",
    "packages": [
        {
            "name": "hametuha/wp-enqueue-manager",
            "version": "dev-master",
            "source": {
                "type": "git",
                "url": "https://github.com/hametuha/wp-enqueue-manager.git",
                "reference": "d38413d9caf47a6799420812fc32e55ec4fd6a75"
            },
            "dist": {
                "type": "zip",
                "url": "https://api.github.com/repos/hametuha/wp-enqueue-manager/zipball/d38413d9caf47a6799420812fc32e55ec4fd6a75",
                "reference": "d38413d9caf47a6799420812fc32e55ec4fd6a75",
                "shasum": ""
            },
            "require": {
                "symfony/finder": "^3.4"
            },
            "require-dev": {
                "phpunit/phpunit": "~4.8",
                "squizlabs/php_codesniffer": "~2.8",
                "wp-coding-standards/wpcs": "~0.11"
            },
            "type": "library",
            "autoload": {
                "psr-0": {
                    "Hametuha\\WpEnqueueManager": "app/"
                }
            },
            "notification-url": "https://packagist.org/downloads/",
            "license": [
                "MIT"
            ],
            "authors": [
                {
                    "name": "fumikito",
                    "email": "guy@hametuha.com"
                }
            ],
            "description": "A PHP library for bulk register.",
            "time": "2017-12-20 10:12:34"
        },
        {
            "name": "symfony/finder",
            "version": "3.4.x-dev",
            "source": {
                "type": "git",
                "url": "https://github.com/symfony/finder.git",
                "reference": "613e26310776f49a1773b6737c6bd554b8bc8c6f"
            },
            "dist": {
                "type": "zip",
                "url": "https://api.github.com/repos/symfony/finder/zipball/613e26310776f49a1773b6737c6bd554b8bc8c6f",
                "reference": "613e26310776f49a1773b6737c6bd554b8bc8c6f",
                "shasum": ""
            },
            "require": {
                "php": "^5.5.9|>=7.0.8"
            },
            "type": "library",
            "extra": {
                "branch-alias": {
                    "dev-master": "3.4-dev"
                }
            },
            "autoload": {
                "psr-4": {
                    "Symfony\\Component\\Finder\\": ""
                },
                "exclude-from-classmap": [
                    "/Tests/"
                ]
            },
            "notification-url": "https://packagist.org/downloads/",
            "license": [
                "MIT"
            ],
            "authors": [
                {
                    "name": "Fabien Potencier",
                    "email": "fabien@symfony.com"
                },
                {
                    "name": "Symfony Community",
                    "homepage": "https://symfony.com/contributors"
                }
            ],
            "description": "Symfony Finder Component",
            "homepage": "https://symfony.com",
            "time": "2018-01-03 07:37:34"
        }
    ],
    "packages-dev": [],
    "aliases": [],
    "minimum-stability": "dev",
    "stability-flags": {
        "hametuha/wp-enqueue-manager": 20
    },
    "prefer-stable": false,
    "prefer-lowest": false,
    "platform": [],
    "platform-dev": []
}
